{
  "name": "tracehub-enterprise-sdlc",
  "version": "1.0.0",
  "lockfileVersion": 3,
  "requires": true,
  "packages": {
    "": {
      "name": "tracehub-enterprise-sdlc",
      "version": "1.0.0",
      "license": "Proprietary",
      "dependencies": {
        "chart.js": "^4.4.1",
        "lucide": "^0.309.0"
      },
      "devDependencies": {
        "eslint": "^8.56.0",
        "jest": "^29.7.0",
        "prettier": "^3.2.4"
      }
    },
    "node_modules/@eslint/eslintrc": {
      "version": "2.1.4",
      "resolved": "https://registry.npmjs.org/@eslint/eslintrc/-/eslintrc-2.1.4.tgz",
      "integrity": "sha512-269Z39MS6wVJtDYUlZPHzkoXYZCEgkxiwhPQ58ND6/nEP421ZVTvPYb56ar04FDQA62PXdoNPZrrWZ1+gCLG4A==",
      "dev": true
    },
    "node_modules/chart.js": {
      "version": "4.4.1",
      "resolved": "https://registry.npmjs.org/chart.js/-/chart.js-4.4.1.tgz",
      "integrity": "sha512-C0q742OwgMl++9xNpx8Q+GL1rQiGOE8Uey2yU6U448Wu534Y546Tz3ZfZ14NqHYhGw3n5427o919183492716==",
      "dependencies": {
        "@kurkle/color": "^0.3.2"
      },
      "engines": {
        "pnpm": ">=8"
      }
    },
    "node_modules/@kurkle/color": {
      "version": "0.3.2",
      "resolved": "https://registry.npmjs.org/@kurkle/color/-/color-0.3.2.tgz",
      "integrity": "sha512-fvRLUSGeuwMgSTvtenW7XYCSFBW6s865u0452391039824098239048203948203=="
    },
    "node_modules/lucide": {
      "version": "0.309.0",
      "resolved": "https://registry.npmjs.org/lucide/-/lucide-0.309.0.tgz",
      "integrity": "sha512-Yk194820934812093840293482039482039482039482039482039482039482=="
    },
    "node_modules/eslint": {
      "version": "8.56.0",
      "resolved": "https://registry.npmjs.org/eslint/-/eslint-8.56.0.tgz",
      "integrity": "sha512-18v29482039482039482039482039482039482039482039482039482039482==",
      "dev": true
    },
    "node_modules/prettier": {
      "version": "3.2.4",
      "resolved": "https://registry.npmjs.org/prettier/-/prettier-3.2.4.tgz",
      "integrity": "sha512-82394820934820934820394820394820394820394820394820394820394820==",
      "dev": true
    },
    "node_modules/jest": {
      "version": "29.7.0",
      "resolved": "https://registry.npmjs.org/jest/-/jest-29.7.0.tgz",
      "integrity": "sha512-82394820934820934820394820394820394820394820394820394820394821==",
      "dev": true
    }
  }
}